# THIS IS AN AUTOGENERATED FILE. DO NOT EDIT THIS FILE DIRECTLY.
# yarn lockfile v1


"@zerolendxyz/core-v3@^2.21.0":
  version "2.21.0"
  resolved "https://registry.yarnpkg.com/@zerolendxyz/core-v3/-/core-v3-2.21.0.tgz#2daccc92a82d772f3e94784de1a4a9abb8570804"
  integrity sha512-u8tt3e26NVpIybRg61iVFUXo0L+7osfyOk5svhej4MKfI19HyF4n5BWBN+pl47ExXCZbvYLPSmp/Sn+CrHesvQ==
